
Microsoft Visual Studio Solution File, Format Version 12.00
# Visual Studio Version 16
VisualStudioVersion = 16.0.30804.86
MinimumVisualStudioVersion = 10.0.40219.1
Project("{FAE04EC0-301F-11D3-BF4B-00C04F79EFBC}") = "Ucabmart", "Ucabmart\Ucabmart.csproj", "{6EC7422B-90F9-41D0-AF2C-7AD8001A38B7}"
EndProject
Project("{2150E333-8FDC-42A3-9474-1A3956D46DE8}") = "Solution Items", "Solution Items", "{67C5A329-612D-4D2C-B9CD-88705C423C4D}"
	ProjectSection(SolutionItems) = preProject
		.editorconfig = .editorconfig
	EndProjectSection
EndProject
Global
	GlobalSection(SolutionConfigurationPlatforms) = preSolution
		Debug|Any CPU = Debug|Any CPU
		Release|Any CPU = Release|Any CPU
	EndGlobalSection
	GlobalSection(ProjectConfigurationPlatforms) = postSolution
		{6EC7422B-90F9-41D0-AF2C-7AD8001A38B7}.Debug|Any CPU.ActiveCfg = Debug|Any CPU
		{6EC7422B-90F9-41D0-AF2C-7AD8001A38B7}.Debug|Any CPU.Build.0 = Debug|Any CPU
		{6EC7422B-90F9-41D0-AF2C-7AD8001A38B7}.Release|Any CPU.ActiveCfg = Release|Any CPU
		{6EC7422B-90F9-41D0-AF2C-7AD8001A38B7}.Release|Any CPU.Build.0 = Release|Any CPU
	EndGlobalSection
	GlobalSection(SolutionProperties) = preSolution
		HideSolutionNode = FALSE
	EndGlobalSection
	GlobalSection(ExtensibilityGlobals) = postSolution
		SolutionGuid = {F69B9F25-E894-43DC-A77D-1A0399A03551}
	EndGlobalSection
EndGlobal
